
Microsoft Visual Studio Solution File, Format Version 12.00
# Visual Studio Version 16
VisualStudioVersion = 16.0.28315.86
MinimumVisualStudioVersion = 15.0.26124.0
Project("{2150E333-8FDC-42A3-9474-1A3956D46DE8}") = "Solution Items", "Solution Items", "{32C34995-F1F5-43F0-920B-E84000E9458F}"
	ProjectSection(SolutionItems) = preProject
		.editorconfig = .editorconfig
		.gitattributes = .gitattributes
		.gitignore = .gitignore
		AllRules.ruleset = AllRules.ruleset
		Directory.Build.props = Directory.Build.props
		LICENSE = LICENSE
	EndProjectSection
EndProject
Project("{2150E333-8FDC-42A3-9474-1A3956D46DE8}") = "src", "src", "{7E604F04-A2BC-4C29-909A-65F80D585317}"
EndProject
Project("{FAE04EC0-301F-11D3-BF4B-00C04F79EFBC}") = "Couven92.Tower3dPro.Extensions", "src\Couven92.Tower3dPro.Extensions\Couven92.Tower3dPro.Extensions.csproj", "{1345258D-5E7D-4398-8601-2D5BA510919E}"
EndProject
Project("{2150E333-8FDC-42A3-9474-1A3956D46DE8}") = "dotnet-common", "dotnet-common", "{5D6A65D5-9117-49BA-AAC6-6611993255DA}"
EndProject
Project("{2150E333-8FDC-42A3-9474-1A3956D46DE8}") = "src", "src", "{C24A98C1-3295-4035-99DA-92D15E19365B}"
EndProject
Project("{FAE04EC0-301F-11D3-BF4B-00C04F79EFBC}") = "THNETII.Common", "dotnet-common\src\THNETII.Common\THNETII.Common.csproj", "{43512A51-DB99-4EC9-BCF5-BD494E9FDEDB}"
EndProject
Project("{2150E333-8FDC-42A3-9474-1A3956D46DE8}") = "test", "test", "{76F40838-2CB8-43A3-9AD4-4640691E5C4C}"
EndProject
Project("{FAE04EC0-301F-11D3-BF4B-00C04F79EFBC}") = "Couven92.Tower3dPro.Test", "test\Couven92.Tower3dPro.Test\Couven92.Tower3dPro.Test.csproj", "{7392D3DE-6829-4CDC-BF9A-0432B4FFCBE8}"
EndProject
Project("{FAE04EC0-301F-11D3-BF4B-00C04F79EFBC}") = "THNETII.TypeConverter", "dotnet-common\src\THNETII.TypeConverter\THNETII.TypeConverter.csproj", "{B786B451-A7F4-43BA-A09C-D78D0E1F990E}"
EndProject
Global
	GlobalSection(SolutionConfigurationPlatforms) = preSolution
		Debug|Any CPU = Debug|Any CPU
		Debug|x64 = Debug|x64
		Debug|x86 = Debug|x86
		Release|Any CPU = Release|Any CPU
		Release|x64 = Release|x64
		Release|x86 = Release|x86
	EndGlobalSection
	GlobalSection(SolutionProperties) = preSolution
		HideSolutionNode = FALSE
	EndGlobalSection
	GlobalSection(ExtensibilityGlobals) = postSolution
		SolutionGuid = {02637AA2-639C-4246-A38A-43F24FA0290E}
	EndGlobalSection
	GlobalSection(ProjectConfigurationPlatforms) = postSolution
		{1345258D-5E7D-4398-8601-2D5BA510919E}.Debug|Any CPU.ActiveCfg = Debug|Any CPU
		{1345258D-5E7D-4398-8601-2D5BA510919E}.Debug|Any CPU.Build.0 = Debug|Any CPU
		{1345258D-5E7D-4398-8601-2D5BA510919E}.Debug|x64.ActiveCfg = Debug|Any CPU
		{1345258D-5E7D-4398-8601-2D5BA510919E}.Debug|x64.Build.0 = Debug|Any CPU
		{1345258D-5E7D-4398-8601-2D5BA510919E}.Debug|x86.ActiveCfg = Debug|Any CPU
		{1345258D-5E7D-4398-8601-2D5BA510919E}.Debug|x86.Build.0 = Debug|Any CPU
		{1345258D-5E7D-4398-8601-2D5BA510919E}.Release|Any CPU.ActiveCfg = Release|Any CPU
		{1345258D-5E7D-4398-8601-2D5BA510919E}.Release|Any CPU.Build.0 = Release|Any CPU
		{1345258D-5E7D-4398-8601-2D5BA510919E}.Release|x64.ActiveCfg = Release|Any CPU
		{1345258D-5E7D-4398-8601-2D5BA510919E}.Release|x64.Build.0 = Release|Any CPU
		{1345258D-5E7D-4398-8601-2D5BA510919E}.Release|x86.ActiveCfg = Release|Any CPU
		{1345258D-5E7D-4398-8601-2D5BA510919E}.Release|x86.Build.0 = Release|Any CPU
		{43512A51-DB99-4EC9-BCF5-BD494E9FDEDB}.Debug|Any CPU.ActiveCfg = Debug|Any CPU
		{43512A51-DB99-4EC9-BCF5-BD494E9FDEDB}.Debug|Any CPU.Build.0 = Debug|Any CPU
		{43512A51-DB99-4EC9-BCF5-BD494E9FDEDB}.Debug|x64.ActiveCfg = Debug|Any CPU
		{43512A51-DB99-4EC9-BCF5-BD494E9FDEDB}.Debug|x64.Build.0 = Debug|Any CPU
		{43512A51-DB99-4EC9-BCF5-BD494E9FDEDB}.Debug|x86.ActiveCfg = Debug|Any CPU
		{43512A51-DB99-4EC9-BCF5-BD494E9FDEDB}.Debug|x86.Build.0 = Debug|Any CPU
		{43512A51-DB99-4EC9-BCF5-BD494E9FDEDB}.Release|Any CPU.ActiveCfg = Release|Any CPU
		{43512A51-DB99-4EC9-BCF5-BD494E9FDEDB}.Release|Any CPU.Build.0 = Release|Any CPU
		{43512A51-DB99-4EC9-BCF5-BD494E9FDEDB}.Release|x64.ActiveCfg = Release|Any CPU
		{43512A51-DB99-4EC9-BCF5-BD494E9FDEDB}.Release|x64.Build.0 = Release|Any CPU
		{43512A51-DB99-4EC9-BCF5-BD494E9FDEDB}.Release|x86.ActiveCfg = Release|Any CPU
		{43512A51-DB99-4EC9-BCF5-BD494E9FDEDB}.Release|x86.Build.0 = Release|Any CPU
		{7392D3DE-6829-4CDC-BF9A-0432B4FFCBE8}.Debug|Any CPU.ActiveCfg = Debug|Any CPU
		{7392D3DE-6829-4CDC-BF9A-0432B4FFCBE8}.Debug|Any CPU.Build.0 = Debug|Any CPU
		{7392D3DE-6829-4CDC-BF9A-0432B4FFCBE8}.Debug|x64.ActiveCfg = Debug|Any CPU
		{7392D3DE-6829-4CDC-BF9A-0432B4FFCBE8}.Debug|x64.Build.0 = Debug|Any CPU
		{7392D3DE-6829-4CDC-BF9A-0432B4FFCBE8}.Debug|x86.ActiveCfg = Debug|Any CPU
		{7392D3DE-6829-4CDC-BF9A-0432B4FFCBE8}.Debug|x86.Build.0 = Debug|Any CPU
		{7392D3DE-6829-4CDC-BF9A-0432B4FFCBE8}.Release|Any CPU.ActiveCfg = Release|Any CPU
		{7392D3DE-6829-4CDC-BF9A-0432B4FFCBE8}.Release|Any CPU.Build.0 = Release|Any CPU
		{7392D3DE-6829-4CDC-BF9A-0432B4FFCBE8}.Release|x64.ActiveCfg = Release|Any CPU
		{7392D3DE-6829-4CDC-BF9A-0432B4FFCBE8}.Release|x64.Build.0 = Release|Any CPU
		{7392D3DE-6829-4CDC-BF9A-0432B4FFCBE8}.Release|x86.ActiveCfg = Release|Any CPU
		{7392D3DE-6829-4CDC-BF9A-0432B4FFCBE8}.Release|x86.Build.0 = Release|Any CPU
		{B786B451-A7F4-43BA-A09C-D78D0E1F990E}.Debug|Any CPU.ActiveCfg = Debug|Any CPU
		{B786B451-A7F4-43BA-A09C-D78D0E1F990E}.Debug|Any CPU.Build.0 = Debug|Any CPU
		{B786B451-A7F4-43BA-A09C-D78D0E1F990E}.Debug|x64.ActiveCfg = Debug|Any CPU
		{B786B451-A7F4-43BA-A09C-D78D0E1F990E}.Debug|x64.Build.0 = Debug|Any CPU
		{B786B451-A7F4-43BA-A09C-D78D0E1F990E}.Debug|x86.ActiveCfg = Debug|Any CPU
		{B786B451-A7F4-43BA-A09C-D78D0E1F990E}.Debug|x86.Build.0 = Debug|Any CPU
		{B786B451-A7F4-43BA-A09C-D78D0E1F990E}.Release|Any CPU.ActiveCfg = Release|Any CPU
		{B786B451-A7F4-43BA-A09C-D78D0E1F990E}.Release|Any CPU.Build.0 = Release|Any CPU
		{B786B451-A7F4-43BA-A09C-D78D0E1F990E}.Release|x64.ActiveCfg = Release|Any CPU
		{B786B451-A7F4-43BA-A09C-D78D0E1F990E}.Release|x64.Build.0 = Release|Any CPU
		{B786B451-A7F4-43BA-A09C-D78D0E1F990E}.Release|x86.ActiveCfg = Release|Any CPU
		{B786B451-A7F4-43BA-A09C-D78D0E1F990E}.Release|x86.Build.0 = Release|Any CPU
	EndGlobalSection
	GlobalSection(NestedProjects) = preSolution
		{1345258D-5E7D-4398-8601-2D5BA510919E} = {7E604F04-A2BC-4C29-909A-65F80D585317}
		{C24A98C1-3295-4035-99DA-92D15E19365B} = {5D6A65D5-9117-49BA-AAC6-6611993255DA}
		{43512A51-DB99-4EC9-BCF5-BD494E9FDEDB} = {C24A98C1-3295-4035-99DA-92D15E19365B}
		{7392D3DE-6829-4CDC-BF9A-0432B4FFCBE8} = {76F40838-2CB8-43A3-9AD4-4640691E5C4C}
		{B786B451-A7F4-43BA-A09C-D78D0E1F990E} = {C24A98C1-3295-4035-99DA-92D15E19365B}
	EndGlobalSection
EndGlobal
